{
  "version": 4,
  "terraform_version": "1.5.7",
  "serial": 17,
  "lineage": "8d6da537-13e5-b20a-7961-9e9a1c1babcc",
  "outputs": {
    "freeipa_ip": {
      "value": "192.168.1.212/24",
      "type": "string"
    },
    "freeipa_vm_id": {
      "value": "default/freeipa",
      "type": "string"
    },
    "harvester_kubeconfig": {
      "value": "~/.kube/harvester.yaml",
      "type": "string"
    },
    "network_id": {
      "value": "default/barleta-lan",
      "type": "string"
    },
    "ssh_key_id": {
      "value": "default/barleta-ssh-key",
      "type": "string"
    }
  },
  "resources": [
    {
      "mode": "managed",
      "type": "harvester_image",
      "name": "fedora41",
      "provider": "provider[\"registry.terraform.io/harvester/harvester\"]",
      "instances": [
        {
          "schema_version": 0,
          "attributes": {
            "description": "",
            "display_name": "Fedora Cloud 41",
            "id": "harvester-public/fedora-cloud-41",
            "message": "",
            "name": "fedora-cloud-41",
            "namespace": "harvester-public",
            "progress": 100,
            "pvc_name": "",
            "pvc_namespace": "",
            "size": 491716608,
            "source_type": "download",
            "state": "Active",
            "storage_class_name": "harvester-longhorn",
            "storage_class_parameters": {
              "migratable": "true",
              "numberOfReplicas": "3",
              "staleReplicaTimeout": "30"
            },
            "tags": {},
            "timeouts": null,
            "url": "https://download.fedoraproject.org/pub/fedora/linux/releases/41/Cloud/x86_64/images/Fedora-Cloud-Base-Generic-41-1.4.x86_64.qcow2",
            "volume_storage_class_name": "longhorn-fedora-cloud-41"
          },
          "sensitive_attributes": [],
          "private": "eyJlMmJmYjczMC1lY2FhLTExZTYtOGY4OC0zNDM2M2JjN2M0YzAiOnsiY3JlYXRlIjozMDAwMDAwMDAwMDAsImRlZmF1bHQiOjEyMDAwMDAwMDAwMCwiZGVsZXRlIjoxMjAwMDAwMDAwMDAsInJlYWQiOjEyMDAwMDAwMDAwMCwidXBkYXRlIjozMDAwMDAwMDAwMDB9fQ=="
        }
      ]
    },
    {
      "mode": "managed",
      "type": "harvester_network",
      "name": "barleta_lan",
      "provider": "provider[\"registry.terraform.io/harvester/harvester\"]",
      "instances": [
        {
          "schema_version": 0,
          "attributes": {
            "cluster_network_name": "mgmt",
            "config": "{\"cniVersion\":\"0.3.1\",\"name\":\"barleta-lan\",\"type\":\"bridge\",\"bridge\":\"mgmt-br\",\"promiscMode\":true,\"vlan\":0,\"ipam\":{}}",
            "description": "",
            "id": "default/barleta-lan",
            "message": null,
            "name": "barleta-lan",
            "namespace": "default",
            "route_cidr": null,
            "route_connectivity": "",
            "route_dhcp_server_ip": "",
            "route_gateway": null,
            "route_mode": "auto",
            "state": null,
            "tags": {},
            "timeouts": null,
            "vlan_id": 0
          },
          "sensitive_attributes": [],
          "private": "eyJlMmJmYjczMC1lY2FhLTExZTYtOGY4OC0zNDM2M2JjN2M0YzAiOnsiY3JlYXRlIjoxMjAwMDAwMDAwMDAsImRlZmF1bHQiOjEyMDAwMDAwMDAwMCwiZGVsZXRlIjozMDAwMDAwMDAwMDAsInJlYWQiOjEyMDAwMDAwMDAwMCwidXBkYXRlIjoxMjAwMDAwMDAwMDB9fQ=="
        }
      ]
    },
    {
      "mode": "managed",
      "type": "harvester_ssh_key",
      "name": "barleta",
      "provider": "provider[\"registry.terraform.io/harvester/harvester\"]",
      "instances": [
        {
          "schema_version": 0,
          "attributes": {
            "description": "",
            "fingerprint": "7c:30:3c:24:b6:12:71:7e:6f:b9:be:76:15:79:ae:f7",
            "id": "default/barleta-ssh-key",
            "message": null,
            "name": "barleta-ssh-key",
            "namespace": "default",
            "public_key": "ssh-rsa AAAAB3NzaC1yc2EAAAADAQABAAACAQDgvSzqGpOgL+duV9ZQ91HMYz42AngZnZPaP9fH56+1M1qFQ/ab+1QRdnKdtzRKNzcudVxQcP9OWrcwMhopUZuGT1/uixh02a/j7fk+oSiFb7BZh7Ktl7j4G4P6oDCZ0tH3IW5uQlSTOT6aYuRWa6GWUOMl3tnuP/MNZ9E3XGFWUmgsMUypVXeNf/vdXPHBon9CELUbj6Mn/IzAjrC6aWAm2ZQKlL57BsSBQxa8TtA0LryTZPacjbgKMDjb+bjgx7ab7FrsiSTgEa40DBYR9OiWBxzcD1en0GspTWcM7th1taLbAP4T9q9r+UVcNP8d8+HsIXihF0Lxpkx6+l/nsLH0Vfi1zejicysii8oua5RjN/uGzxoHZ4tKWELW0/aUdPOINVnOKwmMxMHPxkKii8vkphRqEMeE2GVDF0OZxtj+nCFFgXFACE71SrlhJSyo3rwc0NZoOtm70UBquVjQn0DF2p/M/KCjBbXNRxgbo+44UWkdL0OTTLhbhoylOJmBQ5r9559alZ3xBKdE5hnpqrSWIvqs86vfMTIiSlnxmHA6bOgif8zBuyQVGRMBP1o/W+bmTz3fanmwt64oeafCet+1/ieDDzi9x2FITBVI6/wZChtrBwvXZZTCCbExIv23i6tx1LynGZLQfvNot3JX1qn9pCbPwZTpC2t8TuTAEHouBw== jefflouisma@me.com\n",
            "state": "Validated",
            "tags": {},
            "timeouts": null
          },
          "sensitive_attributes": [],
          "private": "eyJlMmJmYjczMC1lY2FhLTExZTYtOGY4OC0zNDM2M2JjN2M0YzAiOnsiY3JlYXRlIjoxMjAwMDAwMDAwMDAsImRlZmF1bHQiOjEyMDAwMDAwMDAwMCwiZGVsZXRlIjoxMjAwMDAwMDAwMDAsInJlYWQiOjEyMDAwMDAwMDAwMCwidXBkYXRlIjoxMjAwMDAwMDAwMDB9fQ=="
        }
      ]
    },
    {
      "mode": "managed",
      "type": "harvester_virtualmachine",
      "name": "freeipa",
      "provider": "provider[\"registry.terraform.io/harvester/harvester\"]",
      "instances": [
        {
          "schema_version": 0,
          "attributes": {
            "cloudinit": [
              {
                "network_data": "",
                "network_data_base64": "",
                "network_data_secret_name": "freeipa-network",
                "type": "noCloud",
                "user_data": "",
                "user_data_base64": "",
                "user_data_secret_name": "freeipa-cloudinit"
              }
            ],
            "cpu": 2,
            "cpu_pinning": false,
            "description": "FreeIPA Identity Server for Barleta",
            "disk": [
              {
                "access_mode": "ReadWriteMany",
                "auto_delete": true,
                "boot_order": 1,
                "bus": "virtio",
                "container_image_name": "",
                "existing_volume_name": "",
                "hot_plug": false,
                "image": "harvester-public/fedora-cloud-41",
                "name": "rootdisk",
                "size": "50Gi",
                "storage_class_name": "longhorn-fedora-cloud-41",
                "type": "disk",
                "volume_mode": "Block",
                "volume_name": "freeipa-rootdisk-s6jxk"
              }
            ],
            "efi": true,
            "hostname": "ipa",
            "id": "default/freeipa",
            "input": [],
            "isolate_emulator_thread": false,
            "machine_type": "q35",
            "memory": "4Gi",
            "message": null,
            "name": "freeipa",
            "namespace": "default",
            "network_interface": [
              {
                "interface_name": "",
                "ip_address": "2600:1700:5050:7160:ac10:31ff:feb2:b0ac",
                "mac_address": "ae:10:31:b2:b0:ac",
                "model": "virtio",
                "name": "nic-1",
                "network_name": "default/barleta-lan",
                "type": "bridge",
                "wait_for_lease": true
              }
            ],
            "node_name": "harvester-barleta",
            "reserved_memory": "",
            "restart_after_update": false,
            "run_strategy": "RerunOnFailure",
            "secure_boot": false,
            "ssh_keys": [
              "default/barleta-ssh-key"
            ],
            "start": null,
            "state": "Ready",
            "tags": {
              "environment": "barleta",
              "role": "identity"
            },
            "timeouts": null,
            "tpm": []
          },
          "sensitive_attributes": [],
          "private": "eyJlMmJmYjczMC1lY2FhLTExZTYtOGY4OC0zNDM2M2JjN2M0YzAiOnsiY3JlYXRlIjoxMjAwMDAwMDAwMDAsImRlZmF1bHQiOjEyMDAwMDAwMDAwMCwiZGVsZXRlIjozMDAwMDAwMDAwMDAsInJlYWQiOjEyMDAwMDAwMDAwMCwidXBkYXRlIjoxMjAwMDAwMDAwMDB9fQ==",
          "dependencies": [
            "harvester_image.fedora41",
            "harvester_network.barleta_lan",
            "harvester_ssh_key.barleta",
            "kubernetes_secret.freeipa_cloudinit",
            "kubernetes_secret.freeipa_network"
          ]
        }
      ]
    },
    {
      "mode": "managed",
      "type": "kubernetes_secret",
      "name": "freeipa_cloudinit",
      "provider": "provider[\"registry.terraform.io/hashicorp/kubernetes\"]",
      "instances": [
        {
          "schema_version": 0,
          "attributes": {
            "binary_data": null,
            "binary_data_wo": null,
            "binary_data_wo_revision": null,
            "data": {
              "userdata": "#cloud-config\n# FreeIPA Server Auto-Installation for Barleta\n# This cloud-init configures FreeIPA automatically on first boot\n\nhostname: ipa.barleta.local\nfqdn: ipa.barleta.local\nmanage_etc_hosts: true\n\nusers:\n  - name: fedora\n    sudo: ALL=(ALL) NOPASSWD:ALL\n    shell: /bin/bash\n    ssh_authorized_keys:\n      - ssh-rsa AAAAB3NzaC1yc2EAAAADAQABAAACAQDgvSzqGpOgL+duV9ZQ91HMYz42AngZnZPaP9fH56+1M1qFQ/ab+1QRdnKdtzRKNzcudVxQcP9OWrcwMhopUZuGT1/uixh02a/j7fk+oSiFb7BZh7Ktl7j4G4P6oDCZ0tH3IW5uQlSTOT6aYuRWa6GWUOMl3tnuP/MNZ9E3XGFWUmgsMUypVXeNf/vdXPHBon9CELUbj6Mn/IzAjrC6aWAm2ZQKlL57BsSBQxa8TtA0LryTZPacjbgKMDjb+bjgx7ab7FrsiSTgEa40DBYR9OiWBxzcD1en0GspTWcM7th1taLbAP4T9q9r+UVcNP8d8+HsIXihF0Lxpkx6+l/nsLH0Vfi1zejicysii8oua5RjN/uGzxoHZ4tKWELW0/aUdPOINVnOKwmMxMHPxkKii8vkphRqEMeE2GVDF0OZxtj+nCFFgXFACE71SrlhJSyo3rwc0NZoOtm70UBquVjQn0DF2p/M/KCjBbXNRxgbo+44UWkdL0OTTLhbhoylOJmBQ5r9559alZ3xBKdE5hnpqrSWIvqs86vfMTIiSlnxmHA6bOgif8zBuyQVGRMBP1o/W+bmTz3fanmwt64oeafCet+1/ieDDzi9x2FITBVI6/wZChtrBwvXZZTCCbExIv23i6tx1LynGZLQfvNot3JX1qn9pCbPwZTpC2t8TuTAEHouBw== jefflouisma@me.com\n\nwrite_files:\n  - path: /root/install-freeipa.sh\n    permissions: '0755'\n    content: |\n      #!/bin/bash\n      set -e\n      \n      # FreeIPA Configuration\n      IPA_REALM=\"BARLETA.LOCAL\"\n      IPA_DOMAIN=\"barleta.local\"\n      IPA_HOSTNAME=\"ipa.barleta.local\"\n      IPA_ADMIN_PASSWORD=\"FreeIPAAdmin2024!\"\n      IPA_DS_PASSWORD=\"DirectoryServer2024!\"\n      \n      # Wait for network\n      sleep 30\n      \n      # Update /etc/hosts\n      echo \"$(hostname -I | awk '{print $1}') ${IPA_HOSTNAME} ipa\" \u003e\u003e /etc/hosts\n      \n      # Install FreeIPA packages\n      dnf install -y freeipa-server freeipa-server-dns freeipa-server-trust-ad\n      \n      # Check if already installed\n      if [ -f /etc/ipa/default.conf ]; then\n        echo \"FreeIPA already installed\"\n        exit 0\n      fi\n      \n      # Install FreeIPA server (unattended)\n      ipa-server-install \\\n        --realm=${IPA_REALM} \\\n        --domain=${IPA_DOMAIN} \\\n        --hostname=${IPA_HOSTNAME} \\\n        --ds-password=${IPA_DS_PASSWORD} \\\n        --admin-password=${IPA_ADMIN_PASSWORD} \\\n        --mkhomedir \\\n        --no-ntp \\\n        --no-host-dns \\\n        --unattended\n      \n      # Enable firewall rules\n      firewall-cmd --permanent --add-service=freeipa-ldap || true\n      firewall-cmd --permanent --add-service=freeipa-ldaps || true\n      firewall-cmd --permanent --add-service=dns || true\n      firewall-cmd --permanent --add-service=http || true\n      firewall-cmd --permanent --add-service=https || true\n      firewall-cmd --permanent --add-service=kerberos || true\n      firewall-cmd --permanent --add-service=kpasswd || true\n      firewall-cmd --reload || true\n      \n      echo \"FreeIPA installation complete!\"\n\nruncmd:\n  - /root/install-freeipa.sh \u003e /var/log/freeipa-install.log 2\u003e\u00261 \u0026\n"
            },
            "data_wo": null,
            "data_wo_revision": null,
            "id": "default/freeipa-cloudinit",
            "immutable": false,
            "metadata": [
              {
                "annotations": {},
                "generate_name": "",
                "generation": 0,
                "labels": {},
                "name": "freeipa-cloudinit",
                "namespace": "default",
                "resource_version": "43395",
                "uid": "f619522e-a251-4596-af22-557e73ffcb59"
              }
            ],
            "timeouts": null,
            "type": "Opaque",
            "wait_for_service_account_token": true
          },
          "sensitive_attributes": [],
          "private": "eyJlMmJmYjczMC1lY2FhLTExZTYtOGY4OC0zNDM2M2JjN2M0YzAiOnsiY3JlYXRlIjo2MDAwMDAwMDAwMH19"
        }
      ]
    },
    {
      "mode": "managed",
      "type": "kubernetes_secret",
      "name": "freeipa_network",
      "provider": "provider[\"registry.terraform.io/hashicorp/kubernetes\"]",
      "instances": [
        {
          "schema_version": 0,
          "attributes": {
            "binary_data": null,
            "binary_data_wo": null,
            "binary_data_wo_revision": null,
            "data": {
              "networkdata": "\"ethernets\":\n  \"enp1s0\":\n    \"addresses\":\n    - \"192.168.1.212/24\"\n    \"dhcp4\": false\n    \"gateway4\": \"192.168.1.254\"\n    \"nameservers\":\n      \"addresses\":\n      - \"192.168.1.254\"\n      - \"8.8.8.8\"\n\"version\": 2\n"
            },
            "data_wo": null,
            "data_wo_revision": null,
            "id": "default/freeipa-network",
            "immutable": false,
            "metadata": [
              {
                "annotations": {},
                "generate_name": "",
                "generation": 0,
                "labels": {},
                "name": "freeipa-network",
                "namespace": "default",
                "resource_version": "42827",
                "uid": "bbdb4886-2ab5-4b62-a558-1fc9ee825aee"
              }
            ],
            "timeouts": null,
            "type": "Opaque",
            "wait_for_service_account_token": true
          },
          "sensitive_attributes": [],
          "private": "eyJlMmJmYjczMC1lY2FhLTExZTYtOGY4OC0zNDM2M2JjN2M0YzAiOnsiY3JlYXRlIjo2MDAwMDAwMDAwMH19"
        }
      ]
    }
  ],
  "check_results": null
}
