{
  "version": 4,
  "terraform_version": "1.5.7",
  "serial": 4,
  "lineage": "6caa8dc5-6598-f42d-b3e9-1ef01be7485e",
  "outputs": {
    "k3s_ip_address": {
      "value": "10.10.10.10",
      "type": "string"
    },
    "k3s_vm_id": {
      "value": 201,
      "type": "number"
    },
    "next_steps": {
      "value": "    \n============================================\nHomePractice Infrastructure Created!\n============================================\n    \nNext Steps:\n    \n1. Console into OPNsense VM and complete initial setup:\n   - Assign interfaces: WAN (vtnet0), LAN (vtnet1)\n   - Set LAN IP: 10.10.10.1/24\n   - Enable DHCP on LAN: 10.10.10.100-199\n    \n2. Configure WireGuard VPN in OPNsense for remote access\n    \n3. SSH to K3s VM (via WireGuard or Proxmox console):\n   ssh ubuntu@10.10.10.10\n    \n4. Run K3s bootstrap:\n   sudo /opt/homelab/modules/k8s-bootstrap/pre-kubernetes.sh\n    \n5. Apply Kubernetes terraform:\n   cd ../kubernetes \u0026\u0026 terraform apply\n    \n",
      "type": "string"
    },
    "opnsense_vm_id": {
      "value": 200,
      "type": "number"
    }
  },
  "resources": [
    {
      "mode": "managed",
      "type": "proxmox_virtual_environment_vm",
      "name": "opnsense",
      "provider": "provider[\"registry.terraform.io/bpg/proxmox\"]",
      "instances": [
        {
          "schema_version": 0,
          "attributes": {
            "acpi": true,
            "agent": [],
            "amd_sev": [],
            "audio_device": [],
            "bios": "seabios",
            "boot_order": [
              "ide2",
              "scsi0",
              "net0"
            ],
            "cdrom": [
              {
                "enabled": false,
                "file_id": "local:iso/OPNsense-25.1-dvd-amd64.iso",
                "interface": "ide2"
              }
            ],
            "clone": [],
            "cpu": [
              {
                "affinity": "",
                "architecture": "",
                "cores": 2,
                "flags": null,
                "hotplugged": 0,
                "limit": 0,
                "numa": false,
                "sockets": 1,
                "type": "host",
                "units": 0
              }
            ],
            "delete_unreferenced_disks_on_destroy": true,
            "description": "OPNsense firewall for HomePractice isolated network",
            "disk": [
              {
                "aio": "io_uring",
                "backup": true,
                "cache": "none",
                "datastore_id": "local-lvm",
                "discard": "on",
                "file_format": "raw",
                "file_id": "",
                "import_from": "",
                "interface": "scsi0",
                "iothread": false,
                "path_in_datastore": "vm-200-disk-0",
                "replicate": true,
                "serial": "",
                "size": 32,
                "speed": [],
                "ssd": true
              }
            ],
            "efi_disk": [],
            "hook_script_file_id": null,
            "hostpci": [],
            "id": "200",
            "initialization": [],
            "ipv4_addresses": [],
            "ipv6_addresses": [],
            "keyboard_layout": "en-us",
            "kvm_arguments": "",
            "mac_addresses": [
              "BC:24:11:A2:F5:E9",
              "BC:24:11:45:30:41"
            ],
            "machine": "",
            "memory": [
              {
                "dedicated": 4096,
                "floating": 0,
                "hugepages": "",
                "keep_hugepages": false,
                "shared": 0
              }
            ],
            "migrate": false,
            "name": "practice-opnsense",
            "network_device": [
              {
                "bridge": "vmbr0",
                "disconnected": false,
                "enabled": true,
                "firewall": false,
                "mac_address": "BC:24:11:A2:F5:E9",
                "model": "virtio",
                "mtu": 0,
                "queues": 0,
                "rate_limit": 0,
                "trunks": "",
                "vlan_id": 0
              },
              {
                "bridge": "vmbr1",
                "disconnected": false,
                "enabled": true,
                "firewall": false,
                "mac_address": "BC:24:11:45:30:41",
                "model": "virtio",
                "mtu": 0,
                "queues": 0,
                "rate_limit": 0,
                "trunks": "",
                "vlan_id": 0
              }
            ],
            "network_interface_names": [],
            "node_name": "g913-proxmox",
            "numa": [],
            "on_boot": true,
            "operating_system": [
              {
                "type": "other"
              }
            ],
            "pool_id": "",
            "protection": false,
            "purge_on_destroy": true,
            "reboot": false,
            "reboot_after_update": true,
            "rng": [],
            "scsi_hardware": "virtio-scsi-pci",
            "serial_device": [],
            "smbios": [],
            "started": true,
            "startup": [],
            "stop_on_destroy": false,
            "tablet_device": true,
            "tags": [
              "firewall",
              "homepractice",
              "terraform"
            ],
            "template": false,
            "timeout_clone": 1800,
            "timeout_create": 1800,
            "timeout_migrate": 1800,
            "timeout_move_disk": 1800,
            "timeout_reboot": 1800,
            "timeout_shutdown_vm": 1800,
            "timeout_start_vm": 1800,
            "timeout_stop_vm": 300,
            "tpm_state": [],
            "usb": [],
            "vga": [],
            "virtiofs": [],
            "vm_id": 200,
            "watchdog": []
          },
          "sensitive_attributes": [],
          "private": "bnVsbA=="
        }
      ]
    },
    {
      "module": "module.practice_k3s",
      "mode": "managed",
      "type": "proxmox_virtual_environment_file",
      "name": "k3s_cloudinit",
      "provider": "provider[\"registry.terraform.io/bpg/proxmox\"]",
      "instances": [
        {
          "index_key": 0,
          "schema_version": 0,
          "attributes": {
            "content_type": "snippets",
            "datastore_id": "local",
            "file_mode": null,
            "file_modification_date": null,
            "file_name": "practice-k3s-cloudinit.yaml",
            "file_size": null,
            "file_tag": null,
            "id": "local:snippets/practice-k3s-cloudinit.yaml",
            "node_name": "g913-proxmox",
            "overwrite": true,
            "source_file": [],
            "source_raw": [
              {
                "data": "#cloud-config\n\"package_update\": true\n\"package_upgrade\": true\n\"packages\":\n- \"curl\"\n- \"open-iscsi\"\n- \"nfs-common\"\n- \"jq\"\n- \"qemu-guest-agent\"\n\"runcmd\":\n- \"echo '127.0.0.1 $(hostname)' \u003e\u003e /etc/hosts\"\n- \"systemctl enable qemu-guest-agent \u0026\u0026 systemctl start qemu-guest-agent\"\n- \"mkdir -p /mnt/data/nexus \u0026\u0026 chown -R 200:200 /mnt/data/nexus\"\n- \"/usr/local/bin/install-k3s.sh\"\n\"users\":\n- \"groups\":\n  - \"sudo\"\n  - \"adm\"\n  \"name\": \"ubuntu\"\n  \"shell\": \"/bin/bash\"\n  \"ssh_authorized_keys\":\n  - \"ssh-rsa AAAAB3NzaC1yc2EAAAADAQABAAACAQDG0Iz7vEoxfBEnIoiPmE88N9ZWuI7yX4gkizjS3h9Z5dKpEJFz+XDC1IuqsGvXvzIs6zSX3dTwnTI5AK/fjIsvP3ZRBDg5vwcSnGJSlvKvA9ZOobfu16NcK2BJV+HO6+eq5ZBu9uHPbKQqUiXQgdSgIaXlNWTi+R+7oBpnzKWNoXC4cY6qgkzA86MItetw8oUVU+G+d1JUQ9HtvE5jc5+VTdwtfeRZr+F12JGT6hEfUYD7sSDsyOR5nTp2ydDaP5Ptmo8pDzLOtBRu/Ed8gbJXcq4tMT6ZoViD68VTcJBiClPYrj5duvOjiyt/w0rx7LXDVQLOCQrTAvci+dg99kOgKMMmm4yvkQWt1wVBzqx48r1uZPKXlDtDo6l+01KU2mFkiRU9bRAzcNbendwSuGc0qpVcJMYSMs0IoMhMSz6Op4bg8+Z07YxpkEQRJ774VELx27o5ApMdj6AT8y0cTS5/97nV/5JDE2QkQ38mH4jFFwBZl99Dy+/K367Lutb1X7ssivqhFk15IBFkN6zZKAi3SKf2RrJl7sPTq6zys3fOA3YmUlW1YqVfrX4L6mHDSeLGb9FCDfrjztbk7G9oCOhRSfdtVz6LSLMfKEfss2zKjl9SKR6Tp5nbwxwsbRjbQKz3qLKckcRrjyxci3jk+kBXXFAv3QmvfGSW1d1M+9UgmQ==\n    jefflouisma@me.com\"\n  \"sudo\": \"ALL=(ALL) NOPASSWD:ALL\"\n\"write_files\":\n- \"content\": |\n    #!/bin/bash\n    set -euo pipefail\n    LOG=/var/log/k3s-install.log\n    exec \u003e \u003e(tee -a $LOG) 2\u003e\u00261\n    echo \"=== K3s Install Started $(date) ===\"\n\n    # Wait for network connectivity (up to 5 minutes)\n    echo \"Waiting for network connectivity...\"\n    for i in $(seq 1 60); do\n      if ping -c 1 -W 2 8.8.8.8 \u003e/dev/null 2\u003e\u00261; then\n        echo \"Network is up after $i attempts\"\n        break\n      fi\n      echo \"Attempt $i: Network not ready, waiting...\"\n      sleep 5\n    done\n\n    # Wait for DNS resolution\n    echo \"Waiting for DNS resolution...\"\n    for i in $(seq 1 30); do\n      if host github.com \u003e/dev/null 2\u003e\u00261 || nslookup github.com \u003e/dev/null 2\u003e\u00261; then\n        echo \"DNS is working after $i attempts\"\n        break\n      fi\n      echo \"Attempt $i: DNS not ready, waiting...\"\n      sleep 5\n    done\n\n    # Install K3s with retries\n    echo \"Installing K3s...\"\n    for i in $(seq 1 5); do\n      if curl -sfL https://get.k3s.io | INSTALL_K3S_EXEC='server --flannel-backend=none --disable-network-policy --disable-kube-proxy --disable servicelb --disable traefik --write-kubeconfig-mode 644' sh -; then\n        echo \"K3s installed successfully on attempt $i\"\n        break\n      fi\n      echo \"K3s install attempt $i failed, retrying in 30s...\"\n      sleep 30\n    done\n\n    # Wait for K3s API\n    echo \"Waiting for K3s API...\"\n    until /usr/local/bin/k3s kubectl get node; do sleep 5; done\n\n    # Setup kubeconfig for user\n    echo \"Setting up kubeconfig...\"\n    mkdir -p /home/ubuntu/.kube\n    cp /etc/rancher/k3s/k3s.yaml /home/ubuntu/.kube/config\n    chown -R ubuntu:ubuntu /home/ubuntu/.kube\n    chmod 600 /home/ubuntu/.kube/config\n\n    echo \"=== K3s Install Complete $(date) ===\"\n  \"path\": \"/usr/local/bin/install-k3s.sh\"\n  \"permissions\": \"0755\"\n",
                "file_name": "practice-k3s-cloudinit.yaml",
                "resize": 0
              }
            ],
            "timeout_upload": 1800
          },
          "sensitive_attributes": [],
          "private": "bnVsbA=="
        }
      ]
    },
    {
      "module": "module.practice_k3s",
      "mode": "managed",
      "type": "proxmox_virtual_environment_vm",
      "name": "vm",
      "provider": "provider[\"registry.terraform.io/bpg/proxmox\"]",
      "instances": [
        {
          "schema_version": 0,
          "attributes": {
            "acpi": true,
            "agent": [
              {
                "enabled": true,
                "timeout": "60s",
                "trim": false,
                "type": "virtio",
                "wait_for_ip": []
              }
            ],
            "amd_sev": [],
            "audio_device": [],
            "bios": "seabios",
            "boot_order": [
              "scsi0",
              "net0"
            ],
            "cdrom": [],
            "clone": [],
            "cpu": [
              {
                "affinity": "",
                "architecture": "",
                "cores": 4,
                "flags": null,
                "hotplugged": 0,
                "limit": 0,
                "numa": false,
                "sockets": 1,
                "type": "host",
                "units": 0
              }
            ],
            "delete_unreferenced_disks_on_destroy": true,
            "description": "K3s node for HomePractice environment",
            "disk": [
              {
                "aio": "io_uring",
                "backup": true,
                "cache": "none",
                "datastore_id": "local-lvm",
                "discard": "on",
                "file_format": "raw",
                "file_id": "local:iso/ubuntu-24.04-server-cloudimg-amd64.img",
                "import_from": "",
                "interface": "scsi0",
                "iothread": false,
                "path_in_datastore": "vm-201-disk-0",
                "replicate": true,
                "serial": "",
                "size": 100,
                "speed": [],
                "ssd": true
              }
            ],
            "efi_disk": [],
            "hook_script_file_id": null,
            "hostpci": [],
            "id": "201",
            "initialization": [
              {
                "datastore_id": "local-lvm",
                "dns": [],
                "file_format": "",
                "interface": "ide2",
                "ip_config": [
                  {
                    "ipv4": [
                      {
                        "address": "10.10.10.10/24",
                        "gateway": "10.10.10.1"
                      }
                    ],
                    "ipv6": []
                  }
                ],
                "meta_data_file_id": "",
                "network_data_file_id": "",
                "type": "",
                "user_account": [
                  {
                    "keys": [
                      "ssh-rsa AAAAB3NzaC1yc2EAAAADAQABAAACAQDG0Iz7vEoxfBEnIoiPmE88N9ZWuI7yX4gkizjS3h9Z5dKpEJFz+XDC1IuqsGvXvzIs6zSX3dTwnTI5AK/fjIsvP3ZRBDg5vwcSnGJSlvKvA9ZOobfu16NcK2BJV+HO6+eq5ZBu9uHPbKQqUiXQgdSgIaXlNWTi+R+7oBpnzKWNoXC4cY6qgkzA86MItetw8oUVU+G+d1JUQ9HtvE5jc5+VTdwtfeRZr+F12JGT6hEfUYD7sSDsyOR5nTp2ydDaP5Ptmo8pDzLOtBRu/Ed8gbJXcq4tMT6ZoViD68VTcJBiClPYrj5duvOjiyt/w0rx7LXDVQLOCQrTAvci+dg99kOgKMMmm4yvkQWt1wVBzqx48r1uZPKXlDtDo6l+01KU2mFkiRU9bRAzcNbendwSuGc0qpVcJMYSMs0IoMhMSz6Op4bg8+Z07YxpkEQRJ774VELx27o5ApMdj6AT8y0cTS5/97nV/5JDE2QkQ38mH4jFFwBZl99Dy+/K367Lutb1X7ssivqhFk15IBFkN6zZKAi3SKf2RrJl7sPTq6zys3fOA3YmUlW1YqVfrX4L6mHDSeLGb9FCDfrjztbk7G9oCOhRSfdtVz6LSLMfKEfss2zKjl9SKR6Tp5nbwxwsbRjbQKz3qLKckcRrjyxci3jk+kBXXFAv3QmvfGSW1d1M+9UgmQ== jefflouisma@me.com"
                    ],
                    "password": "",
                    "username": "ubuntu"
                  }
                ],
                "user_data_file_id": "local:snippets/practice-k3s-cloudinit.yaml",
                "vendor_data_file_id": ""
              }
            ],
            "ipv4_addresses": [],
            "ipv6_addresses": [],
            "keyboard_layout": "en-us",
            "kvm_arguments": "",
            "mac_addresses": [],
            "machine": "",
            "memory": [
              {
                "dedicated": 32768,
                "floating": 0,
                "hugepages": "",
                "keep_hugepages": false,
                "shared": 0
              }
            ],
            "migrate": false,
            "name": "practice-k3s",
            "network_device": [
              {
                "bridge": "vmbr1",
                "disconnected": false,
                "enabled": true,
                "firewall": false,
                "mac_address": "BC:24:11:F7:B1:E0",
                "model": "virtio",
                "mtu": 0,
                "queues": 0,
                "rate_limit": 0,
                "trunks": "",
                "vlan_id": 0
              }
            ],
            "network_interface_names": [],
            "node_name": "g913-proxmox",
            "numa": [],
            "on_boot": true,
            "operating_system": [],
            "pool_id": "",
            "protection": false,
            "purge_on_destroy": true,
            "reboot": false,
            "reboot_after_update": true,
            "rng": [],
            "scsi_hardware": "virtio-scsi-pci",
            "serial_device": [],
            "smbios": [],
            "started": true,
            "startup": [],
            "stop_on_destroy": false,
            "tablet_device": true,
            "tags": [
              "homepractice",
              "kubernetes",
              "terraform"
            ],
            "template": false,
            "timeout_clone": 1800,
            "timeout_create": 1800,
            "timeout_migrate": 1800,
            "timeout_move_disk": 1800,
            "timeout_reboot": 1800,
            "timeout_shutdown_vm": 1800,
            "timeout_start_vm": 1800,
            "timeout_stop_vm": 300,
            "tpm_state": [],
            "usb": [],
            "vga": [],
            "virtiofs": [],
            "vm_id": 201,
            "watchdog": []
          },
          "sensitive_attributes": [],
          "private": "bnVsbA==",
          "dependencies": [
            "module.practice_k3s.proxmox_virtual_environment_file.k3s_cloudinit"
          ]
        }
      ]
    }
  ],
  "check_results": null
}
